
Microsoft Visual Studio Solution File, Format Version 12.00
# Visual Studio Version 17
VisualStudioVersion = 17.5.2.0
MinimumVisualStudioVersion = 10.0.40219.1
Project("{FAE04EC0-301F-11D3-BF4B-00C04F79EFBC}") = "Almostengr.CrimeMappingCom.EmailParser", "Almostengr.CrimeMappingCom.EmailParser\Almostengr.CrimeMappingCom.EmailParser.csproj", "{095731D3-4CCD-32B8-29DE-94112C067811}"
EndProject
Project("{FAE04EC0-301F-11D3-BF4B-00C04F79EFBC}") = "Almostengr.CrimeMappingCom.EmailParser.Tests", "Almostengr.CrimeMappingCom.EmailParser.Tests\Almostengr.CrimeMappingCom.EmailParser.Tests.csproj", "{C3C82442-C65C-4AA1-AB0C-7D3903B04932}"
EndProject
Global
	GlobalSection(SolutionConfigurationPlatforms) = preSolution
		Debug|Any CPU = Debug|Any CPU
		Debug|x64 = Debug|x64
		Debug|x86 = Debug|x86
		Release|Any CPU = Release|Any CPU
		Release|x64 = Release|x64
		Release|x86 = Release|x86
	EndGlobalSection
	GlobalSection(ProjectConfigurationPlatforms) = postSolution
		{095731D3-4CCD-32B8-29DE-94112C067811}.Debug|Any CPU.ActiveCfg = Debug|Any CPU
		{095731D3-4CCD-32B8-29DE-94112C067811}.Debug|Any CPU.Build.0 = Debug|Any CPU
		{095731D3-4CCD-32B8-29DE-94112C067811}.Debug|x64.ActiveCfg = Debug|Any CPU
		{095731D3-4CCD-32B8-29DE-94112C067811}.Debug|x64.Build.0 = Debug|Any CPU
		{095731D3-4CCD-32B8-29DE-94112C067811}.Debug|x86.ActiveCfg = Debug|Any CPU
		{095731D3-4CCD-32B8-29DE-94112C067811}.Debug|x86.Build.0 = Debug|Any CPU
		{095731D3-4CCD-32B8-29DE-94112C067811}.Release|Any CPU.ActiveCfg = Release|Any CPU
		{095731D3-4CCD-32B8-29DE-94112C067811}.Release|Any CPU.Build.0 = Release|Any CPU
		{095731D3-4CCD-32B8-29DE-94112C067811}.Release|x64.ActiveCfg = Release|Any CPU
		{095731D3-4CCD-32B8-29DE-94112C067811}.Release|x64.Build.0 = Release|Any CPU
		{095731D3-4CCD-32B8-29DE-94112C067811}.Release|x86.ActiveCfg = Release|Any CPU
		{095731D3-4CCD-32B8-29DE-94112C067811}.Release|x86.Build.0 = Release|Any CPU
		{C3C82442-C65C-4AA1-AB0C-7D3903B04932}.Debug|Any CPU.ActiveCfg = Debug|Any CPU
		{C3C82442-C65C-4AA1-AB0C-7D3903B04932}.Debug|Any CPU.Build.0 = Debug|Any CPU
		{C3C82442-C65C-4AA1-AB0C-7D3903B04932}.Debug|x64.ActiveCfg = Debug|Any CPU
		{C3C82442-C65C-4AA1-AB0C-7D3903B04932}.Debug|x64.Build.0 = Debug|Any CPU
		{C3C82442-C65C-4AA1-AB0C-7D3903B04932}.Debug|x86.ActiveCfg = Debug|Any CPU
		{C3C82442-C65C-4AA1-AB0C-7D3903B04932}.Debug|x86.Build.0 = Debug|Any CPU
		{C3C82442-C65C-4AA1-AB0C-7D3903B04932}.Release|Any CPU.ActiveCfg = Release|Any CPU
		{C3C82442-C65C-4AA1-AB0C-7D3903B04932}.Release|Any CPU.Build.0 = Release|Any CPU
		{C3C82442-C65C-4AA1-AB0C-7D3903B04932}.Release|x64.ActiveCfg = Release|Any CPU
		{C3C82442-C65C-4AA1-AB0C-7D3903B04932}.Release|x64.Build.0 = Release|Any CPU
		{C3C82442-C65C-4AA1-AB0C-7D3903B04932}.Release|x86.ActiveCfg = Release|Any CPU
		{C3C82442-C65C-4AA1-AB0C-7D3903B04932}.Release|x86.Build.0 = Release|Any CPU
	EndGlobalSection
	GlobalSection(SolutionProperties) = preSolution
		HideSolutionNode = FALSE
	EndGlobalSection
	GlobalSection(ExtensibilityGlobals) = postSolution
		SolutionGuid = {00C227D0-AB38-4D1D-8578-F92C8D13B348}
	EndGlobalSection
EndGlobal
